<?xml version="1.0" encoding="utf-8"?>
<Project ToolsVersion="4.0" xmlns="http://schemas.microsoft.com/developer/msbuild/2003">
  <ItemGroup>
    <Filter Include="Fichiers sources">
      <UniqueIdentifier>{4FC737F1-C7A5-4376-A066-2A32D752A2FF}</UniqueIdentifier>
      <Extensions>cpp;c;cc;cxx;def;odl;idl;hpj;bat;asm;asmx</Extensions>
    </Filter>
    <Filter Include="Fichiers d%27en-tête">
      <UniqueIdentifier>{93995380-89BD-4b04-88EB-625FBE52EBFB}</UniqueIdentifier>
      <Extensions>h;hpp;hxx;hm;inl;inc;xsd</Extensions>
    </Filter>
    <Filter Include="Fichiers de ressources">
      <UniqueIdentifier>{67DA6AB6-F800-4c08-8B7A-83BB121AAD01}</UniqueIdentifier>
      <Extensions>rc;ico;cur;bmp;dlg;rc2;rct;bin;rgs;gif;jpg;jpeg;jpe;resx;tiff;tif;png;wav;mfcribbon-ms</Extensions>
    </Filter>
    <Filter Include="Fichiers de ressources\Sound">
      <UniqueIdentifier>{9d728726-a328-482a-a099-427f85db04a8}</UniqueIdentifier>
    </Filter>
    <Filter Include="Fichiers d%27en-tête\ClockManager">
      <UniqueIdentifier>{a0e5e19b-44c9-41f1-9184-8c44d5e08f37}</UniqueIdentifier>
    </Filter>
    <Filter Include="Fichiers d%27en-tête\Defines">
      <UniqueIdentifier>{f9fd0736-2b9d-4d57-8aeb-4a9f78732024}</UniqueIdentifier>
    </Filter>
    <Filter Include="Fichiers d%27en-tête\Game">
      <UniqueIdentifier>{201da1c8-f5b1-4b7d-8228-1cb60542614a}</UniqueIdentifier>
    </Filter>
    <Filter Include="Fichiers d%27en-tête\KeyManager">
      <UniqueIdentifier>{26e352dd-27ef-443a-91cf-0500b389f902}</UniqueIdentifier>
    </Filter>
    <Filter Include="Fichiers d%27en-tête\Menu">
      <UniqueIdentifier>{88a569a0-8d3f-4e64-9405-af32a1cfbca6}</UniqueIdentifier>
    </Filter>
    <Filter Include="Fichiers d%27en-tête\Render">
      <UniqueIdentifier>{b1039f7f-81ec-498c-9d88-dcc8dfba0180}</UniqueIdentifier>
    </Filter>
    <Filter Include="Fichiers d%27en-tête\Socket">
      <UniqueIdentifier>{e3c01318-081b-42a2-bd81-dc9b222c4a88}</UniqueIdentifier>
    </Filter>
    <Filter Include="Fichiers d%27en-tête\SoundManager">
      <UniqueIdentifier>{c5e7a591-dba3-471a-ae50-31c3a5add963}</UniqueIdentifier>
    </Filter>
    <Filter Include="Fichiers d%27en-tête\Render\EntityRender">
      <UniqueIdentifier>{8520cbcd-46ef-4dc8-ab25-08712df45f92}</UniqueIdentifier>
    </Filter>
    <Filter Include="Fichiers sources\ClockManager">
      <UniqueIdentifier>{68dfa035-0be8-44e3-99f8-5ad707305494}</UniqueIdentifier>
    </Filter>
    <Filter Include="Fichiers sources\Game">
      <UniqueIdentifier>{7facf528-14e9-4bf3-8590-dd383738e664}</UniqueIdentifier>
    </Filter>
    <Filter Include="Fichiers sources\KeyManager">
      <UniqueIdentifier>{94dd6b75-076f-432a-ab65-6c106efe7c21}</UniqueIdentifier>
    </Filter>
    <Filter Include="Fichiers sources\Menu">
      <UniqueIdentifier>{9506719a-d5a9-4324-8eab-7eb9590bbfdd}</UniqueIdentifier>
    </Filter>
    <Filter Include="Fichiers sources\Render">
      <UniqueIdentifier>{41fd1a03-c0e5-4b8b-bab0-e74ce3d94b13}</UniqueIdentifier>
    </Filter>
    <Filter Include="Fichiers sources\Socket">
      <UniqueIdentifier>{401663c0-290d-4151-8d27-9e6a298d8582}</UniqueIdentifier>
    </Filter>
    <Filter Include="Fichiers sources\SoundManager">
      <UniqueIdentifier>{9a8e19bd-75eb-4ad7-8731-206887af71b4}</UniqueIdentifier>
    </Filter>
    <Filter Include="Fichiers sources\Render\EntityRender">
      <UniqueIdentifier>{57cef97f-7196-465b-9c68-2c07ecd7d06d}</UniqueIdentifier>
    </Filter>
    <Filter Include="Resources">
      <UniqueIdentifier>{0a5fadce-f6b7-4921-af8a-f0e8fb9720ad}</UniqueIdentifier>
    </Filter>
    <Filter Include="Resources\Sound">
      <UniqueIdentifier>{fc1ca7bd-8881-450e-bc7e-32a829b95120}</UniqueIdentifier>
    </Filter>
  </ItemGroup>
  <ItemGroup>
    <None Include="..\..\rtype\client\Resources\createInput.png">
      <Filter>Fichiers de ressources</Filter>
    </None>
    <None Include="..\..\rtype\client\Resources\createRoomButton.png">
      <Filter>Fichiers de ressources</Filter>
    </None>
    <None Include="..\..\rtype\client\Resources\createRoomButtonOriginal.png">
      <Filter>Fichiers de ressources</Filter>
    </None>
    <None Include="..\..\rtype\client\Resources\disabledButton.png">
      <Filter>Fichiers de ressources</Filter>
    </None>
    <None Include="..\..\rtype\client\Resources\enabledButton.png">
      <Filter>Fichiers de ressources</Filter>
    </None>
    <None Include="..\..\rtype\client\Resources\gameBackground.png">
      <Filter>Fichiers de ressources</Filter>
    </None>
    <None Include="..\..\rtype\client\Resources\gameBackground3.png">
      <Filter>Fichiers de ressources</Filter>
    </None>
    <None Include="..\..\rtype\client\Resources\gameBackground4.png">
      <Filter>Fichiers de ressources</Filter>
    </None>
    <None Include="..\..\rtype\client\Resources\joinButton2.png">
      <Filter>Fichiers de ressources</Filter>
    </None>
    <None Include="..\..\rtype\client\Resources\login.png">
      <Filter>Fichiers de ressources</Filter>
    </None>
    <None Include="..\..\rtype\client\Resources\menuSpaceShip.png">
      <Filter>Fichiers de ressources</Filter>
    </None>
    <None Include="..\..\rtype\client\Resources\room.png">
      <Filter>Fichiers de ressources</Filter>
    </None>
    <None Include="..\..\rtype\client\Resources\r-typesheet1.gif">
      <Filter>Fichiers de ressources</Filter>
    </None>
    <None Include="..\..\rtype\client\Resources\r-typesheet2.gif">
      <Filter>Fichiers de ressources</Filter>
    </None>
    <None Include="..\..\rtype\client\Resources\r-typesheet3.gif">
      <Filter>Fichiers de ressources</Filter>
    </None>
    <None Include="..\..\rtype\client\Resources\r-typesheet5.gif">
      <Filter>Fichiers de ressources</Filter>
    </None>
    <None Include="..\..\rtype\client\Resources\r-typesheet7.gif">
      <Filter>Fichiers de ressources</Filter>
    </None>
    <None Include="..\..\rtype\client\Resources\r-typesheet8.gif">
      <Filter>Fichiers de ressources</Filter>
    </None>
    <None Include="..\..\rtype\client\Resources\r-typesheet9.gif">
      <Filter>Fichiers de ressources</Filter>
    </None>
    <None Include="..\..\rtype\client\Resources\r-typesheet10.gif">
      <Filter>Fichiers de ressources</Filter>
    </None>
    <None Include="..\..\rtype\client\Resources\r-typesheet11.gif">
      <Filter>Fichiers de ressources</Filter>
    </None>
    <None Include="..\..\rtype\client\Resources\r-typesheet12.gif">
      <Filter>Fichiers de ressources</Filter>
    </None>
    <None Include="..\..\rtype\client\Resources\r-typesheet13.gif">
      <Filter>Fichiers de ressources</Filter>
    </None>
    <None Include="..\..\rtype\client\Resources\r-typesheet14.gif">
      <Filter>Fichiers de ressources</Filter>
    </None>
    <None Include="..\..\rtype\client\Resources\r-typesheet16.gif">
      <Filter>Fichiers de ressources</Filter>
    </None>
    <None Include="..\..\rtype\client\Resources\r-typesheet17.gif">
      <Filter>Fichiers de ressources</Filter>
    </None>
    <None Include="..\..\rtype\client\Resources\r-typesheet18.gif">
      <Filter>Fichiers de ressources</Filter>
    </None>
    <None Include="..\..\rtype\client\Resources\r-typesheet19.gif">
      <Filter>Fichiers de ressources</Filter>
    </None>
    <None Include="..\..\rtype\client\Resources\r-typesheet20.gif">
      <Filter>Fichiers de ressources</Filter>
    </None>
    <None Include="..\..\rtype\client\Resources\r-typesheet21.gif">
      <Filter>Fichiers de ressources</Filter>
    </None>
    <None Include="..\..\rtype\client\Resources\r-typesheet22.gif">
      <Filter>Fichiers de ressources</Filter>
    </None>
    <None Include="..\..\rtype\client\Resources\r-typesheet23.gif">
      <Filter>Fichiers de ressources</Filter>
    </None>
    <None Include="..\..\rtype\client\Resources\r-typesheet24.gif">
      <Filter>Fichiers de ressources</Filter>
    </None>
    <None Include="..\..\rtype\client\Resources\r-typesheet25.gif">
      <Filter>Fichiers de ressources</Filter>
    </None>
    <None Include="..\..\rtype\client\Resources\r-typesheet26.gif">
      <Filter>Fichiers de ressources</Filter>
    </None>
    <None Include="..\..\rtype\client\Resources\r-typesheet27.gif">
      <Filter>Fichiers de ressources</Filter>
    </None>
    <None Include="..\..\rtype\client\Resources\r-typesheet28.gif">
      <Filter>Fichiers de ressources</Filter>
    </None>
    <None Include="..\..\rtype\client\Resources\r-typesheet29.gif">
      <Filter>Fichiers de ressources</Filter>
    </None>
    <None Include="..\..\rtype\client\Resources\r-typesheet30.gif">
      <Filter>Fichiers de ressources</Filter>
    </None>
    <None Include="..\..\rtype\client\Resources\r-typesheet30a.gif">
      <Filter>Fichiers de ressources</Filter>
    </None>
    <None Include="..\..\rtype\client\Resources\r-typesheet31.gif">
      <Filter>Fichiers de ressources</Filter>
    </None>
    <None Include="..\..\rtype\client\Resources\r-typesheet32.gif">
      <Filter>Fichiers de ressources</Filter>
    </None>
    <None Include="..\..\rtype\client\Resources\r-typesheet33.gif">
      <Filter>Fichiers de ressources</Filter>
    </None>
    <None Include="..\..\rtype\client\Resources\r-typesheet34.gif">
      <Filter>Fichiers de ressources</Filter>
    </None>
    <None Include="..\..\rtype\client\Resources\r-typesheet35.gif">
      <Filter>Fichiers de ressources</Filter>
    </None>
    <None Include="..\..\rtype\client\Resources\r-typesheet36.gif">
      <Filter>Fichiers de ressources</Filter>
    </None>
    <None Include="..\..\rtype\client\Resources\r-typesheet37.gif">
      <Filter>Fichiers de ressources</Filter>
    </None>
    <None Include="..\..\rtype\client\Resources\r-typesheet38.gif">
      <Filter>Fichiers de ressources</Filter>
    </None>
    <None Include="..\..\rtype\client\Resources\r-typesheet39.gif">
      <Filter>Fichiers de ressources</Filter>
    </None>
    <None Include="..\..\rtype\client\Resources\r-typesheet40.gif">
      <Filter>Fichiers de ressources</Filter>
    </None>
    <None Include="..\..\rtype\client\Resources\r-typesheet41.gif">
      <Filter>Fichiers de ressources</Filter>
    </None>
    <None Include="..\..\rtype\client\Resources\r-typesheet42.gif">
      <Filter>Fichiers de ressources</Filter>
    </None>
    <None Include="..\..\rtype\client\Resources\r-typesheet43.gif">
      <Filter>Fichiers de ressources</Filter>
    </None>
    <None Include="..\..\rtype\client\Resources\r-typesheet44.gif">
      <Filter>Fichiers de ressources</Filter>
    </None>
    <None Include="..\..\rtype\client\Resources\r-typesheet44-2.gif">
      <Filter>Fichiers de ressources</Filter>
    </None>
    <None Include="..\..\rtype\client\Resources\sansation.ttf">
      <Filter>Fichiers de ressources</Filter>
    </None>
    <None Include="..\..\rtype\client\Resources\selectedArea.png">
      <Filter>Fichiers de ressources</Filter>
    </None>
    <None Include="..\..\rtype\client\Resources\space.png">
      <Filter>Fichiers de ressources</Filter>
    </None>
    <None Include="..\..\rtype\client\Resources\starcraft.ttf">
      <Filter>Fichiers de ressources</Filter>
    </None>
    <None Include="..\..\rtype\client\Resources\startGameButton.png">
      <Filter>Fichiers de ressources</Filter>
    </None>
    <None Include="..\..\rtype\client\Resources\unselectedArea.png">
      <Filter>Fichiers de ressources</Filter>
    </None>
    <None Include="..\..\rtype\client\Resources\createButton.png">
      <Filter>Fichiers de ressources</Filter>
    </None>
    <None Include="..\..\rtype\client\Resources\Sound\explosion.wav">
      <Filter>Fichiers de ressources\Sound</Filter>
    </None>
    <None Include="..\..\rtype\client\Resources\Sound\flip1.wav">
      <Filter>Fichiers de ressources\Sound</Filter>
    </None>
    <None Include="..\..\rtype\client\Resources\Sound\game.ogg">
      <Filter>Fichiers de ressources\Sound</Filter>
    </None>
    <None Include="..\..\rtype\client\Resources\Sound\gameofthrones.ogg">
      <Filter>Fichiers de ressources\Sound</Filter>
    </None>
    <None Include="..\..\rtype\client\Resources\Sound\hit-02.wav">
      <Filter>Fichiers de ressources\Sound</Filter>
    </None>
    <None Include="..\..\rtype\client\Resources\Sound\keyStroke.wav">
      <Filter>Fichiers de ressources\Sound</Filter>
    </None>
    <None Include="..\..\rtype\client\Resources\Sound\laser.wav">
      <Filter>Fichiers de ressources\Sound</Filter>
    </None>
    <None Include="..\..\rtype\client\Resources\Sound\select.wav">
      <Filter>Fichiers de ressources\Sound</Filter>
    </None>
    <None Include="..\..\rtype\client\Resources\Sound\switch.wav">
      <Filter>Fichiers de ressources\Sound</Filter>
    </None>
    <None Include="..\..\rtype\client\Resources\Sound\click.wav">
      <Filter>Fichiers de ressources\Sound</Filter>
    </None>
    <None Include="..\..\Resources\createButton.png">
      <Filter>Resources</Filter>
    </None>
    <None Include="..\..\Resources\createInput.png">
      <Filter>Resources</Filter>
    </None>
    <None Include="..\..\Resources\createRoomButton.png">
      <Filter>Resources</Filter>
    </None>
    <None Include="..\..\Resources\createRoomButtonOriginal.png">
      <Filter>Resources</Filter>
    </None>
    <None Include="..\..\Resources\disabledButton.png">
      <Filter>Resources</Filter>
    </None>
    <None Include="..\..\Resources\enabledButton.png">
      <Filter>Resources</Filter>
    </None>
    <None Include="..\..\Resources\gameBackground.png">
      <Filter>Resources</Filter>
    </None>
    <None Include="..\..\Resources\gameBackground3.png">
      <Filter>Resources</Filter>
    </None>
    <None Include="..\..\Resources\gameBackground4.png">
      <Filter>Resources</Filter>
    </None>
    <None Include="..\..\Resources\joinButton2.png">
      <Filter>Resources</Filter>
    </None>
    <None Include="..\..\Resources\login.png">
      <Filter>Resources</Filter>
    </None>
    <None Include="..\..\Resources\menuSpaceShip.png">
      <Filter>Resources</Filter>
    </None>
    <None Include="..\..\Resources\room.png">
      <Filter>Resources</Filter>
    </None>
    <None Include="..\..\Resources\r-typesheet1.gif">
      <Filter>Resources</Filter>
    </None>
    <None Include="..\..\Resources\r-typesheet2.gif">
      <Filter>Resources</Filter>
    </None>
    <None Include="..\..\Resources\r-typesheet3.gif">
      <Filter>Resources</Filter>
    </None>
    <None Include="..\..\Resources\r-typesheet5.gif">
      <Filter>Resources</Filter>
    </None>
    <None Include="..\..\Resources\r-typesheet7.gif">
      <Filter>Resources</Filter>
    </None>
    <None Include="..\..\Resources\r-typesheet8.gif">
      <Filter>Resources</Filter>
    </None>
    <None Include="..\..\Resources\r-typesheet9.gif">
      <Filter>Resources</Filter>
    </None>
    <None Include="..\..\Resources\r-typesheet10.gif">
      <Filter>Resources</Filter>
    </None>
    <None Include="..\..\Resources\r-typesheet11.gif">
      <Filter>Resources</Filter>
    </None>
    <None Include="..\..\Resources\r-typesheet12.gif">
      <Filter>Resources</Filter>
    </None>
    <None Include="..\..\Resources\r-typesheet13.gif">
      <Filter>Resources</Filter>
    </None>
    <None Include="..\..\Resources\r-typesheet14.gif">
      <Filter>Resources</Filter>
    </None>
    <None Include="..\..\Resources\r-typesheet16.gif">
      <Filter>Resources</Filter>
    </None>
    <None Include="..\..\Resources\r-typesheet17.gif">
      <Filter>Resources</Filter>
    </None>
    <None Include="..\..\Resources\r-typesheet18.gif">
      <Filter>Resources</Filter>
    </None>
    <None Include="..\..\Resources\r-typesheet19.gif">
      <Filter>Resources</Filter>
    </None>
    <None Include="..\..\Resources\r-typesheet20.gif">
      <Filter>Resources</Filter>
    </None>
    <None Include="..\..\Resources\r-typesheet21.gif">
      <Filter>Resources</Filter>
    </None>
    <None Include="..\..\Resources\r-typesheet22.gif">
      <Filter>Resources</Filter>
    </None>
    <None Include="..\..\Resources\r-typesheet23.gif">
      <Filter>Resources</Filter>
    </None>
    <None Include="..\..\Resources\r-typesheet24.gif">
      <Filter>Resources</Filter>
    </None>
    <None Include="..\..\Resources\r-typesheet25.gif">
      <Filter>Resources</Filter>
    </None>
    <None Include="..\..\Resources\r-typesheet26.gif">
      <Filter>Resources</Filter>
    </None>
    <None Include="..\..\Resources\r-typesheet27.gif">
      <Filter>Resources</Filter>
    </None>
    <None Include="..\..\Resources\r-typesheet28.gif">
      <Filter>Resources</Filter>
    </None>
    <None Include="..\..\Resources\r-typesheet29.gif">
      <Filter>Resources</Filter>
    </None>
    <None Include="..\..\Resources\r-typesheet30.gif">
      <Filter>Resources</Filter>
    </None>
    <None Include="..\..\Resources\r-typesheet30a.gif">
      <Filter>Resources</Filter>
    </None>
    <None Include="..\..\Resources\r-typesheet31.gif">
      <Filter>Resources</Filter>
    </None>
    <None Include="..\..\Resources\r-typesheet32.gif">
      <Filter>Resources</Filter>
    </None>
    <None Include="..\..\Resources\r-typesheet33.gif">
      <Filter>Resources</Filter>
    </None>
    <None Include="..\..\Resources\r-typesheet34.gif">
      <Filter>Resources</Filter>
    </None>
    <None Include="..\..\Resources\r-typesheet35.gif">
      <Filter>Resources</Filter>
    </None>
    <None Include="..\..\Resources\r-typesheet36.gif">
      <Filter>Resources</Filter>
    </None>
    <None Include="..\..\Resources\r-typesheet37.gif">
      <Filter>Resources</Filter>
    </None>
    <None Include="..\..\Resources\r-typesheet38.gif">
      <Filter>Resources</Filter>
    </None>
    <None Include="..\..\Resources\r-typesheet39.gif">
      <Filter>Resources</Filter>
    </None>
    <None Include="..\..\Resources\r-typesheet40.gif">
      <Filter>Resources</Filter>
    </None>
    <None Include="..\..\Resources\r-typesheet41.gif">
      <Filter>Resources</Filter>
    </None>
    <None Include="..\..\Resources\r-typesheet42.gif">
      <Filter>Resources</Filter>
    </None>
    <None Include="..\..\Resources\r-typesheet43.gif">
      <Filter>Resources</Filter>
    </None>
    <None Include="..\..\Resources\r-typesheet44.gif">
      <Filter>Resources</Filter>
    </None>
    <None Include="..\..\Resources\r-typesheet44-2.gif">
      <Filter>Resources</Filter>
    </None>
    <None Include="..\..\Resources\sansation.ttf">
      <Filter>Resources</Filter>
    </None>
    <None Include="..\..\Resources\selectedArea.png">
      <Filter>Resources</Filter>
    </None>
    <None Include="..\..\Resources\space.png">
      <Filter>Resources</Filter>
    </None>
    <None Include="..\..\Resources\starcraft.ttf">
      <Filter>Resources</Filter>
    </None>
    <None Include="..\..\Resources\startGameButton.png">
      <Filter>Resources</Filter>
    </None>
    <None Include="..\..\Resources\unselectedArea.png">
      <Filter>Resources</Filter>
    </None>
    <None Include="..\..\Resources\Sound\click.wav">
      <Filter>Resources\Sound</Filter>
    </None>
    <None Include="..\..\Resources\Sound\explosion.wav">
      <Filter>Resources\Sound</Filter>
    </None>
    <None Include="..\..\Resources\Sound\flip1.wav">
      <Filter>Resources\Sound</Filter>
    </None>
    <None Include="..\..\Resources\Sound\game.ogg">
      <Filter>Resources\Sound</Filter>
    </None>
    <None Include="..\..\Resources\Sound\gameofthrones.ogg">
      <Filter>Resources\Sound</Filter>
    </None>
    <None Include="..\..\Resources\Sound\hit-02.wav">
      <Filter>Resources\Sound</Filter>
    </None>
    <None Include="..\..\Resources\Sound\keyStroke.wav">
      <Filter>Resources\Sound</Filter>
    </None>
    <None Include="..\..\Resources\Sound\laser.wav">
      <Filter>Resources\Sound</Filter>
    </None>
    <None Include="..\..\Resources\Sound\select.wav">
      <Filter>Resources\Sound</Filter>
    </None>
    <None Include="..\..\Resources\Sound\switch.wav">
      <Filter>Resources\Sound</Filter>
    </None>
  </ItemGroup>
  <ItemGroup>
    <ClCompile Include="..\..\src\Client.cpp">
      <Filter>Fichiers sources</Filter>
    </ClCompile>
    <ClCompile Include="..\..\src\main.cpp">
      <Filter>Fichiers sources</Filter>
    </ClCompile>
    <ClCompile Include="..\..\src\ResourcePath.cpp">
      <Filter>Fichiers sources</Filter>
    </ClCompile>
    <ClCompile Include="..\..\src\ClockManager\ClockManager.cpp">
      <Filter>Fichiers sources\ClockManager</Filter>
    </ClCompile>
    <ClCompile Include="..\..\src\Game\Entity.cpp">
      <Filter>Fichiers sources\Game</Filter>
    </ClCompile>
    <ClCompile Include="..\..\src\Game\Game.cpp">
      <Filter>Fichiers sources\Game</Filter>
    </ClCompile>
    <ClCompile Include="..\..\src\Game\GameEnd.cpp">
      <Filter>Fichiers sources\Game</Filter>
    </ClCompile>
    <ClCompile Include="..\..\src\Game\GameTime.cpp">
      <Filter>Fichiers sources\Game</Filter>
    </ClCompile>
    <ClCompile Include="..\..\src\Game\Player.cpp">
      <Filter>Fichiers sources\Game</Filter>
    </ClCompile>
    <ClCompile Include="..\..\src\KeyManager\KeyManager.cpp">
      <Filter>Fichiers sources\KeyManager</Filter>
    </ClCompile>
    <ClCompile Include="..\..\src\Menu\InRoom.cpp">
      <Filter>Fichiers sources\Menu</Filter>
    </ClCompile>
    <ClCompile Include="..\..\src\Menu\Menu.cpp">
      <Filter>Fichiers sources\Menu</Filter>
    </ClCompile>
    <ClCompile Include="..\..\src\Menu\RoomSelection.cpp">
      <Filter>Fichiers sources\Menu</Filter>
    </ClCompile>
    <ClCompile Include="..\..\src\Render\GameRender.cpp">
      <Filter>Fichiers sources\Render</Filter>
    </ClCompile>
    <ClCompile Include="..\..\src\Render\MenuRender.cpp">
      <Filter>Fichiers sources\Render</Filter>
    </ClCompile>
    <ClCompile Include="..\..\src\Render\Render.cpp">
      <Filter>Fichiers sources\Render</Filter>
    </ClCompile>
    <ClCompile Include="..\..\src\Render\RoomRender.cpp">
      <Filter>Fichiers sources\Render</Filter>
    </ClCompile>
    <ClCompile Include="..\..\src\Render\RoomSelectionRender.cpp">
      <Filter>Fichiers sources\Render</Filter>
    </ClCompile>
    <ClCompile Include="..\..\src\Render\EntityRender\BulletRender.cpp">
      <Filter>Fichiers sources\Render\EntityRender</Filter>
    </ClCompile>
    <ClCompile Include="..\..\src\Render\EntityRender\MinionRender.cpp">
      <Filter>Fichiers sources\Render\EntityRender</Filter>
    </ClCompile>
    <ClCompile Include="..\..\src\Render\EntityRender\PlayerRender.cpp">
      <Filter>Fichiers sources\Render\EntityRender</Filter>
    </ClCompile>
    <ClCompile Include="..\..\src\Socket\Message.cpp">
      <Filter>Fichiers sources\Socket</Filter>
    </ClCompile>
    <ClCompile Include="..\..\src\Socket\SocketWindows.cpp">
      <Filter>Fichiers sources\Socket</Filter>
    </ClCompile>
    <ClCompile Include="..\..\src\SoundManager\SoundManager.cpp">
      <Filter>Fichiers sources\SoundManager</Filter>
    </ClCompile>
    <ClCompile Include="..\..\src\Render\EntityRender\AsteroidRender.cpp">
      <Filter>Fichiers sources\Render\EntityRender</Filter>
    </ClCompile>
    <ClCompile Include="..\..\src\Render\EntityRender\BossRender.cpp">
      <Filter>Fichiers sources\Render\EntityRender</Filter>
    </ClCompile>
    <ClCompile Include="..\..\src\Render\EntityRender\ShockWaveRender.cpp">
      <Filter>Fichiers sources\Render\EntityRender</Filter>
    </ClCompile>
  </ItemGroup>
  <ItemGroup>
    <ClInclude Include="..\..\src\Client.hpp">
      <Filter>Fichiers d%27en-tête</Filter>
    </ClInclude>
    <ClInclude Include="..\..\src\ResourcePath.hpp">
      <Filter>Fichiers d%27en-tête</Filter>
    </ClInclude>
    <ClInclude Include="..\..\src\Singleton.h">
      <Filter>Fichiers d%27en-tête</Filter>
    </ClInclude>
    <ClInclude Include="..\..\src\ClockManager\ClockManager.hpp">
      <Filter>Fichiers d%27en-tête\ClockManager</Filter>
    </ClInclude>
    <ClInclude Include="..\..\src\Defines\Defines.hpp">
      <Filter>Fichiers d%27en-tête\Defines</Filter>
    </ClInclude>
    <ClInclude Include="..\..\src\Socket\Message.hpp">
      <Filter>Fichiers d%27en-tête\Socket</Filter>
    </ClInclude>
    <ClInclude Include="..\..\src\Game\Entity.hpp">
      <Filter>Fichiers d%27en-tête\Game</Filter>
    </ClInclude>
    <ClInclude Include="..\..\src\Game\Game.hpp">
      <Filter>Fichiers d%27en-tête\Game</Filter>
    </ClInclude>
    <ClInclude Include="..\..\src\Game\GameEnd.hpp">
      <Filter>Fichiers d%27en-tête\Game</Filter>
    </ClInclude>
    <ClInclude Include="..\..\src\Game\GameTime.hpp">
      <Filter>Fichiers d%27en-tête\Game</Filter>
    </ClInclude>
    <ClInclude Include="..\..\src\Game\Player.hpp">
      <Filter>Fichiers d%27en-tête\Game</Filter>
    </ClInclude>
    <ClInclude Include="..\..\src\Menu\InRoom.hpp">
      <Filter>Fichiers d%27en-tête\Menu</Filter>
    </ClInclude>
    <ClInclude Include="..\..\src\Menu\Menu.hpp">
      <Filter>Fichiers d%27en-tête\Menu</Filter>
    </ClInclude>
    <ClInclude Include="..\..\src\Menu\RoomSelection.hpp">
      <Filter>Fichiers d%27en-tête\Menu</Filter>
    </ClInclude>
    <ClInclude Include="..\..\src\KeyManager\KeyManager.hpp">
      <Filter>Fichiers d%27en-tête\KeyManager</Filter>
    </ClInclude>
    <ClInclude Include="..\..\src\Render\GameRender.hpp">
      <Filter>Fichiers d%27en-tête\Render</Filter>
    </ClInclude>
    <ClInclude Include="..\..\src\Render\MenuRender.hpp">
      <Filter>Fichiers d%27en-tête\Render</Filter>
    </ClInclude>
    <ClInclude Include="..\..\src\Render\Render.hpp">
      <Filter>Fichiers d%27en-tête\Render</Filter>
    </ClInclude>
    <ClInclude Include="..\..\src\Render\RoomRender.hpp">
      <Filter>Fichiers d%27en-tête\Render</Filter>
    </ClInclude>
    <ClInclude Include="..\..\src\Render\RoomSelectionRender.hpp">
      <Filter>Fichiers d%27en-tête\Render</Filter>
    </ClInclude>
    <ClInclude Include="..\..\src\Render\EntityRender\BulletRender.hpp">
      <Filter>Fichiers d%27en-tête\Render\EntityRender</Filter>
    </ClInclude>
    <ClInclude Include="..\..\src\Render\EntityRender\MinionRender.hpp">
      <Filter>Fichiers d%27en-tête\Render\EntityRender</Filter>
    </ClInclude>
    <ClInclude Include="..\..\src\Render\EntityRender\PlayerRender.hpp">
      <Filter>Fichiers d%27en-tête\Render\EntityRender</Filter>
    </ClInclude>
    <ClInclude Include="..\..\src\Socket\ISocket.hpp">
      <Filter>Fichiers d%27en-tête\Socket</Filter>
    </ClInclude>
    <ClInclude Include="..\..\src\Socket\SocketWindows.hpp">
      <Filter>Fichiers d%27en-tête\Socket</Filter>
    </ClInclude>
    <ClInclude Include="..\..\src\SoundManager\SoundManager.hpp">
      <Filter>Fichiers d%27en-tête\SoundManager</Filter>
    </ClInclude>
    <ClInclude Include="..\..\src\Defines\Vect2.hpp">
      <Filter>Fichiers d%27en-tête\Defines</Filter>
    </ClInclude>
    <ClInclude Include="..\..\src\Defines\Vect2f.hpp">
      <Filter>Fichiers d%27en-tête\Defines</Filter>
    </ClInclude>
    <ClInclude Include="..\..\src\Render\EntityRender\AsteroidRender.hpp">
      <Filter>Fichiers d%27en-tête\Render\EntityRender</Filter>
    </ClInclude>
    <ClInclude Include="..\..\src\Render\EntityRender\BossRender.hpp">
      <Filter>Fichiers d%27en-tête\Render\EntityRender</Filter>
    </ClInclude>
    <ClInclude Include="..\..\src\Render\EntityRender\ShockWaveRender.hpp">
      <Filter>Fichiers d%27en-tête\Render\EntityRender</Filter>
    </ClInclude>
  </ItemGroup>
</Project>